
Microsoft Visual Studio Solution File, Format Version 12.00
# Visual Studio 15
VisualStudioVersion = 15.0.26124.0
MinimumVisualStudioVersion = 15.0.26124.0
Project("{FAE04EC0-301F-11D3-BF4B-00C04F79EFBC}") = "BlogApp.Data", "BlogApp.Data\BlogApp.Data.csproj", "{9D05314A-3B61-4D68-B8CA-61181F66896B}"
EndProject
Project("{FAE04EC0-301F-11D3-BF4B-00C04F79EFBC}") = "BlogApp.Business", "BlogApp.Business\BlogApp.Business.csproj", "{D98329DD-913C-4C53-AC45-FFA55A923D29}"
EndProject
Project("{FAE04EC0-301F-11D3-BF4B-00C04F79EFBC}") = "BlogApp.WebUI", "BlogApp.WebUI\BlogApp.WebUI.csproj", "{804C1F39-0758-407A-84A8-A2F305E514D7}"
EndProject
Project("{FAE04EC0-301F-11D3-BF4B-00C04F79EFBC}") = "BlogApp.Root", "BlogApp.Root\BlogApp.Root.csproj", "{7F03E531-3530-47EB-8DAA-671A2407C552}"
EndProject
Project("{FAE04EC0-301F-11D3-BF4B-00C04F79EFBC}") = "BlogApp.WebAPI", "BlogApp.WebAPI\BlogApp.WebAPI.csproj", "{3C1B201A-1DCB-49A7-B069-3FDECC894908}"
EndProject
Global
	GlobalSection(SolutionConfigurationPlatforms) = preSolution
		Debug|Any CPU = Debug|Any CPU
		Debug|x64 = Debug|x64
		Debug|x86 = Debug|x86
		Release|Any CPU = Release|Any CPU
		Release|x64 = Release|x64
		Release|x86 = Release|x86
	EndGlobalSection
	GlobalSection(SolutionProperties) = preSolution
		HideSolutionNode = FALSE
	EndGlobalSection
	GlobalSection(ProjectConfigurationPlatforms) = postSolution
		{9D05314A-3B61-4D68-B8CA-61181F66896B}.Debug|Any CPU.ActiveCfg = Debug|Any CPU
		{9D05314A-3B61-4D68-B8CA-61181F66896B}.Debug|Any CPU.Build.0 = Debug|Any CPU
		{9D05314A-3B61-4D68-B8CA-61181F66896B}.Debug|x64.ActiveCfg = Debug|Any CPU
		{9D05314A-3B61-4D68-B8CA-61181F66896B}.Debug|x64.Build.0 = Debug|Any CPU
		{9D05314A-3B61-4D68-B8CA-61181F66896B}.Debug|x86.ActiveCfg = Debug|Any CPU
		{9D05314A-3B61-4D68-B8CA-61181F66896B}.Debug|x86.Build.0 = Debug|Any CPU
		{9D05314A-3B61-4D68-B8CA-61181F66896B}.Release|Any CPU.ActiveCfg = Release|Any CPU
		{9D05314A-3B61-4D68-B8CA-61181F66896B}.Release|Any CPU.Build.0 = Release|Any CPU
		{9D05314A-3B61-4D68-B8CA-61181F66896B}.Release|x64.ActiveCfg = Release|Any CPU
		{9D05314A-3B61-4D68-B8CA-61181F66896B}.Release|x64.Build.0 = Release|Any CPU
		{9D05314A-3B61-4D68-B8CA-61181F66896B}.Release|x86.ActiveCfg = Release|Any CPU
		{9D05314A-3B61-4D68-B8CA-61181F66896B}.Release|x86.Build.0 = Release|Any CPU
		{D98329DD-913C-4C53-AC45-FFA55A923D29}.Debug|Any CPU.ActiveCfg = Debug|Any CPU
		{D98329DD-913C-4C53-AC45-FFA55A923D29}.Debug|Any CPU.Build.0 = Debug|Any CPU
		{D98329DD-913C-4C53-AC45-FFA55A923D29}.Debug|x64.ActiveCfg = Debug|Any CPU
		{D98329DD-913C-4C53-AC45-FFA55A923D29}.Debug|x64.Build.0 = Debug|Any CPU
		{D98329DD-913C-4C53-AC45-FFA55A923D29}.Debug|x86.ActiveCfg = Debug|Any CPU
		{D98329DD-913C-4C53-AC45-FFA55A923D29}.Debug|x86.Build.0 = Debug|Any CPU
		{D98329DD-913C-4C53-AC45-FFA55A923D29}.Release|Any CPU.ActiveCfg = Release|Any CPU
		{D98329DD-913C-4C53-AC45-FFA55A923D29}.Release|Any CPU.Build.0 = Release|Any CPU
		{D98329DD-913C-4C53-AC45-FFA55A923D29}.Release|x64.ActiveCfg = Release|Any CPU
		{D98329DD-913C-4C53-AC45-FFA55A923D29}.Release|x64.Build.0 = Release|Any CPU
		{D98329DD-913C-4C53-AC45-FFA55A923D29}.Release|x86.ActiveCfg = Release|Any CPU
		{D98329DD-913C-4C53-AC45-FFA55A923D29}.Release|x86.Build.0 = Release|Any CPU
		{804C1F39-0758-407A-84A8-A2F305E514D7}.Debug|Any CPU.ActiveCfg = Debug|Any CPU
		{804C1F39-0758-407A-84A8-A2F305E514D7}.Debug|Any CPU.Build.0 = Debug|Any CPU
		{804C1F39-0758-407A-84A8-A2F305E514D7}.Debug|x64.ActiveCfg = Debug|Any CPU
		{804C1F39-0758-407A-84A8-A2F305E514D7}.Debug|x64.Build.0 = Debug|Any CPU
		{804C1F39-0758-407A-84A8-A2F305E514D7}.Debug|x86.ActiveCfg = Debug|Any CPU
		{804C1F39-0758-407A-84A8-A2F305E514D7}.Debug|x86.Build.0 = Debug|Any CPU
		{804C1F39-0758-407A-84A8-A2F305E514D7}.Release|Any CPU.ActiveCfg = Release|Any CPU
		{804C1F39-0758-407A-84A8-A2F305E514D7}.Release|Any CPU.Build.0 = Release|Any CPU
		{804C1F39-0758-407A-84A8-A2F305E514D7}.Release|x64.ActiveCfg = Release|Any CPU
		{804C1F39-0758-407A-84A8-A2F305E514D7}.Release|x64.Build.0 = Release|Any CPU
		{804C1F39-0758-407A-84A8-A2F305E514D7}.Release|x86.ActiveCfg = Release|Any CPU
		{804C1F39-0758-407A-84A8-A2F305E514D7}.Release|x86.Build.0 = Release|Any CPU
		{7F03E531-3530-47EB-8DAA-671A2407C552}.Debug|Any CPU.ActiveCfg = Debug|Any CPU
		{7F03E531-3530-47EB-8DAA-671A2407C552}.Debug|Any CPU.Build.0 = Debug|Any CPU
		{7F03E531-3530-47EB-8DAA-671A2407C552}.Debug|x64.ActiveCfg = Debug|Any CPU
		{7F03E531-3530-47EB-8DAA-671A2407C552}.Debug|x64.Build.0 = Debug|Any CPU
		{7F03E531-3530-47EB-8DAA-671A2407C552}.Debug|x86.ActiveCfg = Debug|Any CPU
		{7F03E531-3530-47EB-8DAA-671A2407C552}.Debug|x86.Build.0 = Debug|Any CPU
		{7F03E531-3530-47EB-8DAA-671A2407C552}.Release|Any CPU.ActiveCfg = Release|Any CPU
		{7F03E531-3530-47EB-8DAA-671A2407C552}.Release|Any CPU.Build.0 = Release|Any CPU
		{7F03E531-3530-47EB-8DAA-671A2407C552}.Release|x64.ActiveCfg = Release|Any CPU
		{7F03E531-3530-47EB-8DAA-671A2407C552}.Release|x64.Build.0 = Release|Any CPU
		{7F03E531-3530-47EB-8DAA-671A2407C552}.Release|x86.ActiveCfg = Release|Any CPU
		{7F03E531-3530-47EB-8DAA-671A2407C552}.Release|x86.Build.0 = Release|Any CPU
		{3C1B201A-1DCB-49A7-B069-3FDECC894908}.Debug|Any CPU.ActiveCfg = Debug|Any CPU
		{3C1B201A-1DCB-49A7-B069-3FDECC894908}.Debug|Any CPU.Build.0 = Debug|Any CPU
		{3C1B201A-1DCB-49A7-B069-3FDECC894908}.Debug|x64.ActiveCfg = Debug|Any CPU
		{3C1B201A-1DCB-49A7-B069-3FDECC894908}.Debug|x64.Build.0 = Debug|Any CPU
		{3C1B201A-1DCB-49A7-B069-3FDECC894908}.Debug|x86.ActiveCfg = Debug|Any CPU
		{3C1B201A-1DCB-49A7-B069-3FDECC894908}.Debug|x86.Build.0 = Debug|Any CPU
		{3C1B201A-1DCB-49A7-B069-3FDECC894908}.Release|Any CPU.ActiveCfg = Release|Any CPU
		{3C1B201A-1DCB-49A7-B069-3FDECC894908}.Release|Any CPU.Build.0 = Release|Any CPU
		{3C1B201A-1DCB-49A7-B069-3FDECC894908}.Release|x64.ActiveCfg = Release|Any CPU
		{3C1B201A-1DCB-49A7-B069-3FDECC894908}.Release|x64.Build.0 = Release|Any CPU
		{3C1B201A-1DCB-49A7-B069-3FDECC894908}.Release|x86.ActiveCfg = Release|Any CPU
		{3C1B201A-1DCB-49A7-B069-3FDECC894908}.Release|x86.Build.0 = Release|Any CPU
	EndGlobalSection
EndGlobal
